
Microsoft Visual Studio Solution File, Format Version 12.00
# Visual Studio Version 17
VisualStudioVersion = 17.0.31903.59
MinimumVisualStudioVersion = 10.0.40219.1
Project("{2150E333-8FDC-42A3-9474-1A3956D46DE8}") = "src", "src", "{82B0B821-6FA5-4653-A607-AFBC7AFE2036}"
EndProject
Project("{FAE04EC0-301F-11D3-BF4B-00C04F79EFBC}") = "Usage4Claude", "src\Usage4Claude\Usage4Claude.csproj", "{68A44CA6-C370-422B-AA80-D2F236C5E192}"
EndProject
Global
	GlobalSection(SolutionConfigurationPlatforms) = preSolution
		Debug|Any CPU = Debug|Any CPU
		Release|Any CPU = Release|Any CPU
	EndGlobalSection
	GlobalSection(SolutionProperties) = preSolution
		HideSolutionNode = FALSE
	EndGlobalSection
	GlobalSection(ProjectConfigurationPlatforms) = postSolution
		{68A44CA6-C370-422B-AA80-D2F236C5E192}.Debug|Any CPU.ActiveCfg = Debug|Any CPU
		{68A44CA6-C370-422B-AA80-D2F236C5E192}.Debug|Any CPU.Build.0 = Debug|Any CPU
		{68A44CA6-C370-422B-AA80-D2F236C5E192}.Release|Any CPU.ActiveCfg = Release|Any CPU
		{68A44CA6-C370-422B-AA80-D2F236C5E192}.Release|Any CPU.Build.0 = Release|Any CPU
	EndGlobalSection
	GlobalSection(NestedProjects) = preSolution
		{68A44CA6-C370-422B-AA80-D2F236C5E192} = {82B0B821-6FA5-4653-A607-AFBC7AFE2036}
	EndGlobalSection
EndGlobal
